
Microsoft Visual Studio Solution File, Format Version 12.00
# Visual Studio Version 16
VisualStudioVersion = 16.0.31129.286
MinimumVisualStudioVersion = 10.0.40219.1
Project("{FAE04EC0-301F-11D3-BF4B-00C04F79EFBC}") = "BoryslavMafia_Bot", "BoryslavMafia_Bot.csproj", "{0B4CB42A-A8EB-4919-BA84-19FA00E5A5AD}"
EndProject
Global
	GlobalSection(SolutionConfigurationPlatforms) = preSolution
		Debug|Any CPU = Debug|Any CPU
		Release|Any CPU = Release|Any CPU
	EndGlobalSection
	GlobalSection(ProjectConfigurationPlatforms) = postSolution
		{0B4CB42A-A8EB-4919-BA84-19FA00E5A5AD}.Debug|Any CPU.ActiveCfg = Debug|Any CPU
		{0B4CB42A-A8EB-4919-BA84-19FA00E5A5AD}.Debug|Any CPU.Build.0 = Debug|Any CPU
		{0B4CB42A-A8EB-4919-BA84-19FA00E5A5AD}.Release|Any CPU.ActiveCfg = Release|Any CPU
		{0B4CB42A-A8EB-4919-BA84-19FA00E5A5AD}.Release|Any CPU.Build.0 = Release|Any CPU
	EndGlobalSection
	GlobalSection(SolutionProperties) = preSolution
		HideSolutionNode = FALSE
	EndGlobalSection
	GlobalSection(ExtensibilityGlobals) = postSolution
		SolutionGuid = {22E18876-19D2-455D-8451-F856B3C51D93}
	EndGlobalSection
EndGlobal
